
Microsoft Visual Studio Solution File, Format Version 12.00
# Visual Studio 2012
Project("{8BC9CEB8-8B4A-11D0-8D11-00A0C91BC942}") = "DynamicPatcher", "DynamicPatcher.vcxproj", "{7CCD61E5-5F56-4050-BACC-1467972D2247}"
	ProjectSection(ProjectDependencies) = postProject
		{D6A7F953-26BF-45F6-92FA-F3B6AB245C1B} = {D6A7F953-26BF-45F6-92FA-F3B6AB245C1B}
	EndProjectSection
EndProject
Project("{2150E333-8FDC-42A3-9474-1A3956D46DE8}") = "Test", "Test", "{64A0BD32-2657-48A5-A8A8-B047C39B0455}"
EndProject
Project("{8BC9CEB8-8B4A-11D0-8D11-00A0C91BC942}") = "DynamicPatcherInjector", "DynamicPatcherInjector.vcxproj", "{7986011C-5076-4506-AB77-7272257885FD}"
	ProjectSection(ProjectDependencies) = postProject
		{7CCD61E5-5F56-4050-BACC-1467972D2247} = {7CCD61E5-5F56-4050-BACC-1467972D2247}
	EndProjectSection
EndProject
Project("{8BC9CEB8-8B4A-11D0-8D11-00A0C91BC942}") = "DynamicPatcherInjectorDLL", "DynamicPatcherInjectorDLL.vcxproj", "{AF9F0E41-895E-49BA-B522-45691F0BD4F7}"
	ProjectSection(ProjectDependencies) = postProject
		{7CCD61E5-5F56-4050-BACC-1467972D2247} = {7CCD61E5-5F56-4050-BACC-1467972D2247}
	EndProjectSection
EndProject
Project("{8BC9CEB8-8B4A-11D0-8D11-00A0C91BC942}") = "Test_Dll", "Test\Test_Dll.vcxproj", "{0E8C293B-618B-428B-B1AC-502544B732FB}"
	ProjectSection(ProjectDependencies) = postProject
		{7CCD61E5-5F56-4050-BACC-1467972D2247} = {7CCD61E5-5F56-4050-BACC-1467972D2247}
	EndProjectSection
EndProject
Project("{8BC9CEB8-8B4A-11D0-8D11-00A0C91BC942}") = "Test_Inject", "Test\Test_Inject.vcxproj", "{8CA885E0-BF97-4FB3-82AD-DBE0FF0E4538}"
	ProjectSection(ProjectDependencies) = postProject
		{7CCD61E5-5F56-4050-BACC-1467972D2247} = {7CCD61E5-5F56-4050-BACC-1467972D2247}
	EndProjectSection
EndProject
Project("{8BC9CEB8-8B4A-11D0-8D11-00A0C91BC942}") = "Test_Injected", "Test\Test_Injected.vcxproj", "{4256E731-91A4-44B7-993C-13CA2CFDF71B}"
	ProjectSection(ProjectDependencies) = postProject
		{7CCD61E5-5F56-4050-BACC-1467972D2247} = {7CCD61E5-5F56-4050-BACC-1467972D2247}
	EndProjectSection
EndProject
Project("{8BC9CEB8-8B4A-11D0-8D11-00A0C91BC942}") = "Test_Lib", "Test\Test_Lib.vcxproj", "{78800EB9-3249-4A82-9074-3D68A2E56C60}"
	ProjectSection(ProjectDependencies) = postProject
		{7CCD61E5-5F56-4050-BACC-1467972D2247} = {7CCD61E5-5F56-4050-BACC-1467972D2247}
	EndProjectSection
EndProject
Project("{8BC9CEB8-8B4A-11D0-8D11-00A0C91BC942}") = "Test_Simple", "Test\Test_Simple.vcxproj", "{315A0660-7223-41CF-839C-69CF731F8F43}"
	ProjectSection(ProjectDependencies) = postProject
		{7CCD61E5-5F56-4050-BACC-1467972D2247} = {7CCD61E5-5F56-4050-BACC-1467972D2247}
	EndProjectSection
EndProject
Project("{8BC9CEB8-8B4A-11D0-8D11-00A0C91BC942}") = "Test_UseLibDll", "Test\Test_UseLibDll.vcxproj", "{2B417248-C199-456C-99A3-CD7930E0D6A1}"
	ProjectSection(ProjectDependencies) = postProject
		{0E8C293B-618B-428B-B1AC-502544B732FB} = {0E8C293B-618B-428B-B1AC-502544B732FB}
		{78800EB9-3249-4A82-9074-3D68A2E56C60} = {78800EB9-3249-4A82-9074-3D68A2E56C60}
		{7CCD61E5-5F56-4050-BACC-1467972D2247} = {7CCD61E5-5F56-4050-BACC-1467972D2247}
	EndProjectSection
EndProject
Project("{8BC9CEB8-8B4A-11D0-8D11-00A0C91BC942}") = "Test_Particles", "Test\Test_Particles.vcxproj", "{D29C6982-A589-4081-89B1-91E78D7C41E2}"
	ProjectSection(ProjectDependencies) = postProject
		{7CCD61E5-5F56-4050-BACC-1467972D2247} = {7CCD61E5-5F56-4050-BACC-1467972D2247}
	EndProjectSection
EndProject
Project("{2150E333-8FDC-42A3-9474-1A3956D46DE8}") = "Tools", "Tools", "{C8F1FBCF-D704-474A-990B-A42D1F208C41}"
EndProject
Project("{8BC9CEB8-8B4A-11D0-8D11-00A0C91BC942}") = "disasm", "disasm.vcxproj", "{D6A7F953-26BF-45F6-92FA-F3B6AB245C1B}"
EndProject
Global
	GlobalSection(SolutionConfigurationPlatforms) = preSolution
		Debug|Win32 = Debug|Win32
		Debug|x64 = Debug|x64
		DebugStatic|Win32 = DebugStatic|Win32
		DebugStatic|x64 = DebugStatic|x64
		Release|Win32 = Release|Win32
		Release|x64 = Release|x64
		ReleaseStatic|Win32 = ReleaseStatic|Win32
		ReleaseStatic|x64 = ReleaseStatic|x64
	EndGlobalSection
	GlobalSection(ProjectConfigurationPlatforms) = postSolution
		{7CCD61E5-5F56-4050-BACC-1467972D2247}.Debug|Win32.ActiveCfg = Debug|Win32
		{7CCD61E5-5F56-4050-BACC-1467972D2247}.Debug|Win32.Build.0 = Debug|Win32
		{7CCD61E5-5F56-4050-BACC-1467972D2247}.Debug|x64.ActiveCfg = Debug|x64
		{7CCD61E5-5F56-4050-BACC-1467972D2247}.Debug|x64.Build.0 = Debug|x64
		{7CCD61E5-5F56-4050-BACC-1467972D2247}.DebugStatic|Win32.ActiveCfg = DebugStatic|Win32
		{7CCD61E5-5F56-4050-BACC-1467972D2247}.DebugStatic|Win32.Build.0 = DebugStatic|Win32
		{7CCD61E5-5F56-4050-BACC-1467972D2247}.DebugStatic|x64.ActiveCfg = DebugStatic|x64
		{7CCD61E5-5F56-4050-BACC-1467972D2247}.DebugStatic|x64.Build.0 = DebugStatic|x64
		{7CCD61E5-5F56-4050-BACC-1467972D2247}.Release|Win32.ActiveCfg = Release|Win32
		{7CCD61E5-5F56-4050-BACC-1467972D2247}.Release|Win32.Build.0 = Release|Win32
		{7CCD61E5-5F56-4050-BACC-1467972D2247}.Release|x64.ActiveCfg = Release|x64
		{7CCD61E5-5F56-4050-BACC-1467972D2247}.Release|x64.Build.0 = Release|x64
		{7CCD61E5-5F56-4050-BACC-1467972D2247}.ReleaseStatic|Win32.ActiveCfg = ReleaseStatic|Win32
		{7CCD61E5-5F56-4050-BACC-1467972D2247}.ReleaseStatic|Win32.Build.0 = ReleaseStatic|Win32
		{7CCD61E5-5F56-4050-BACC-1467972D2247}.ReleaseStatic|x64.ActiveCfg = ReleaseStatic|x64
		{7CCD61E5-5F56-4050-BACC-1467972D2247}.ReleaseStatic|x64.Build.0 = ReleaseStatic|x64
		{7986011C-5076-4506-AB77-7272257885FD}.Debug|Win32.ActiveCfg = Debug|Win32
		{7986011C-5076-4506-AB77-7272257885FD}.Debug|Win32.Build.0 = Debug|Win32
		{7986011C-5076-4506-AB77-7272257885FD}.Debug|x64.ActiveCfg = Debug|x64
		{7986011C-5076-4506-AB77-7272257885FD}.Debug|x64.Build.0 = Debug|x64
		{7986011C-5076-4506-AB77-7272257885FD}.DebugStatic|Win32.ActiveCfg = Debug|x64
		{7986011C-5076-4506-AB77-7272257885FD}.DebugStatic|x64.ActiveCfg = Debug|x64
		{7986011C-5076-4506-AB77-7272257885FD}.DebugStatic|x64.Build.0 = Debug|x64
		{7986011C-5076-4506-AB77-7272257885FD}.Release|Win32.ActiveCfg = Release|Win32
		{7986011C-5076-4506-AB77-7272257885FD}.Release|Win32.Build.0 = Release|Win32
		{7986011C-5076-4506-AB77-7272257885FD}.Release|x64.ActiveCfg = Release|x64
		{7986011C-5076-4506-AB77-7272257885FD}.Release|x64.Build.0 = Release|x64
		{7986011C-5076-4506-AB77-7272257885FD}.ReleaseStatic|Win32.ActiveCfg = Release|x64
		{7986011C-5076-4506-AB77-7272257885FD}.ReleaseStatic|x64.ActiveCfg = Release|x64
		{7986011C-5076-4506-AB77-7272257885FD}.ReleaseStatic|x64.Build.0 = Release|x64
		{AF9F0E41-895E-49BA-B522-45691F0BD4F7}.Debug|Win32.ActiveCfg = Debug|Win32
		{AF9F0E41-895E-49BA-B522-45691F0BD4F7}.Debug|Win32.Build.0 = Debug|Win32
		{AF9F0E41-895E-49BA-B522-45691F0BD4F7}.Debug|x64.ActiveCfg = Debug|x64
		{AF9F0E41-895E-49BA-B522-45691F0BD4F7}.Debug|x64.Build.0 = Debug|x64
		{AF9F0E41-895E-49BA-B522-45691F0BD4F7}.DebugStatic|Win32.ActiveCfg = Debug|x64
		{AF9F0E41-895E-49BA-B522-45691F0BD4F7}.DebugStatic|x64.ActiveCfg = Debug|x64
		{AF9F0E41-895E-49BA-B522-45691F0BD4F7}.DebugStatic|x64.Build.0 = Debug|x64
		{AF9F0E41-895E-49BA-B522-45691F0BD4F7}.Release|Win32.ActiveCfg = Release|Win32
		{AF9F0E41-895E-49BA-B522-45691F0BD4F7}.Release|Win32.Build.0 = Release|Win32
		{AF9F0E41-895E-49BA-B522-45691F0BD4F7}.Release|x64.ActiveCfg = Release|x64
		{AF9F0E41-895E-49BA-B522-45691F0BD4F7}.Release|x64.Build.0 = Release|x64
		{AF9F0E41-895E-49BA-B522-45691F0BD4F7}.ReleaseStatic|Win32.ActiveCfg = Release|x64
		{AF9F0E41-895E-49BA-B522-45691F0BD4F7}.ReleaseStatic|x64.ActiveCfg = Release|x64
		{AF9F0E41-895E-49BA-B522-45691F0BD4F7}.ReleaseStatic|x64.Build.0 = Release|x64
		{0E8C293B-618B-428B-B1AC-502544B732FB}.Debug|Win32.ActiveCfg = Debug|Win32
		{0E8C293B-618B-428B-B1AC-502544B732FB}.Debug|Win32.Build.0 = Debug|Win32
		{0E8C293B-618B-428B-B1AC-502544B732FB}.Debug|x64.ActiveCfg = Debug|x64
		{0E8C293B-618B-428B-B1AC-502544B732FB}.Debug|x64.Build.0 = Debug|x64
		{0E8C293B-618B-428B-B1AC-502544B732FB}.DebugStatic|Win32.ActiveCfg = Debug|x64
		{0E8C293B-618B-428B-B1AC-502544B732FB}.DebugStatic|x64.ActiveCfg = Debug|x64
		{0E8C293B-618B-428B-B1AC-502544B732FB}.DebugStatic|x64.Build.0 = Debug|x64
		{0E8C293B-618B-428B-B1AC-502544B732FB}.Release|Win32.ActiveCfg = Release|Win32
		{0E8C293B-618B-428B-B1AC-502544B732FB}.Release|Win32.Build.0 = Release|Win32
		{0E8C293B-618B-428B-B1AC-502544B732FB}.Release|x64.ActiveCfg = Release|x64
		{0E8C293B-618B-428B-B1AC-502544B732FB}.Release|x64.Build.0 = Release|x64
		{0E8C293B-618B-428B-B1AC-502544B732FB}.ReleaseStatic|Win32.ActiveCfg = Release|x64
		{0E8C293B-618B-428B-B1AC-502544B732FB}.ReleaseStatic|x64.ActiveCfg = Release|x64
		{0E8C293B-618B-428B-B1AC-502544B732FB}.ReleaseStatic|x64.Build.0 = Release|x64
		{8CA885E0-BF97-4FB3-82AD-DBE0FF0E4538}.Debug|Win32.ActiveCfg = Debug|Win32
		{8CA885E0-BF97-4FB3-82AD-DBE0FF0E4538}.Debug|Win32.Build.0 = Debug|Win32
		{8CA885E0-BF97-4FB3-82AD-DBE0FF0E4538}.Debug|x64.ActiveCfg = Debug|x64
		{8CA885E0-BF97-4FB3-82AD-DBE0FF0E4538}.Debug|x64.Build.0 = Debug|x64
		{8CA885E0-BF97-4FB3-82AD-DBE0FF0E4538}.DebugStatic|Win32.ActiveCfg = Debug|x64
		{8CA885E0-BF97-4FB3-82AD-DBE0FF0E4538}.DebugStatic|x64.ActiveCfg = Debug|x64
		{8CA885E0-BF97-4FB3-82AD-DBE0FF0E4538}.DebugStatic|x64.Build.0 = Debug|x64
		{8CA885E0-BF97-4FB3-82AD-DBE0FF0E4538}.Release|Win32.ActiveCfg = Release|Win32
		{8CA885E0-BF97-4FB3-82AD-DBE0FF0E4538}.Release|Win32.Build.0 = Release|Win32
		{8CA885E0-BF97-4FB3-82AD-DBE0FF0E4538}.Release|x64.ActiveCfg = Release|x64
		{8CA885E0-BF97-4FB3-82AD-DBE0FF0E4538}.Release|x64.Build.0 = Release|x64
		{8CA885E0-BF97-4FB3-82AD-DBE0FF0E4538}.ReleaseStatic|Win32.ActiveCfg = Release|x64
		{8CA885E0-BF97-4FB3-82AD-DBE0FF0E4538}.ReleaseStatic|x64.ActiveCfg = Release|x64
		{8CA885E0-BF97-4FB3-82AD-DBE0FF0E4538}.ReleaseStatic|x64.Build.0 = Release|x64
		{4256E731-91A4-44B7-993C-13CA2CFDF71B}.Debug|Win32.ActiveCfg = Debug|Win32
		{4256E731-91A4-44B7-993C-13CA2CFDF71B}.Debug|Win32.Build.0 = Debug|Win32
		{4256E731-91A4-44B7-993C-13CA2CFDF71B}.Debug|x64.ActiveCfg = Debug|x64
		{4256E731-91A4-44B7-993C-13CA2CFDF71B}.Debug|x64.Build.0 = Debug|x64
		{4256E731-91A4-44B7-993C-13CA2CFDF71B}.DebugStatic|Win32.ActiveCfg = Debug|x64
		{4256E731-91A4-44B7-993C-13CA2CFDF71B}.DebugStatic|x64.ActiveCfg = Debug|x64
		{4256E731-91A4-44B7-993C-13CA2CFDF71B}.DebugStatic|x64.Build.0 = Debug|x64
		{4256E731-91A4-44B7-993C-13CA2CFDF71B}.Release|Win32.ActiveCfg = Release|Win32
		{4256E731-91A4-44B7-993C-13CA2CFDF71B}.Release|Win32.Build.0 = Release|Win32
		{4256E731-91A4-44B7-993C-13CA2CFDF71B}.Release|x64.ActiveCfg = Release|x64
		{4256E731-91A4-44B7-993C-13CA2CFDF71B}.Release|x64.Build.0 = Release|x64
		{4256E731-91A4-44B7-993C-13CA2CFDF71B}.ReleaseStatic|Win32.ActiveCfg = Release|x64
		{4256E731-91A4-44B7-993C-13CA2CFDF71B}.ReleaseStatic|x64.ActiveCfg = Release|x64
		{4256E731-91A4-44B7-993C-13CA2CFDF71B}.ReleaseStatic|x64.Build.0 = Release|x64
		{78800EB9-3249-4A82-9074-3D68A2E56C60}.Debug|Win32.ActiveCfg = Debug|Win32
		{78800EB9-3249-4A82-9074-3D68A2E56C60}.Debug|Win32.Build.0 = Debug|Win32
		{78800EB9-3249-4A82-9074-3D68A2E56C60}.Debug|x64.ActiveCfg = Debug|x64
		{78800EB9-3249-4A82-9074-3D68A2E56C60}.Debug|x64.Build.0 = Debug|x64
		{78800EB9-3249-4A82-9074-3D68A2E56C60}.DebugStatic|Win32.ActiveCfg = Debug|x64
		{78800EB9-3249-4A82-9074-3D68A2E56C60}.DebugStatic|x64.ActiveCfg = Debug|x64
		{78800EB9-3249-4A82-9074-3D68A2E56C60}.DebugStatic|x64.Build.0 = Debug|x64
		{78800EB9-3249-4A82-9074-3D68A2E56C60}.Release|Win32.ActiveCfg = Release|Win32
		{78800EB9-3249-4A82-9074-3D68A2E56C60}.Release|Win32.Build.0 = Release|Win32
		{78800EB9-3249-4A82-9074-3D68A2E56C60}.Release|x64.ActiveCfg = Release|x64
		{78800EB9-3249-4A82-9074-3D68A2E56C60}.Release|x64.Build.0 = Release|x64
		{78800EB9-3249-4A82-9074-3D68A2E56C60}.ReleaseStatic|Win32.ActiveCfg = Release|x64
		{78800EB9-3249-4A82-9074-3D68A2E56C60}.ReleaseStatic|x64.ActiveCfg = Release|x64
		{78800EB9-3249-4A82-9074-3D68A2E56C60}.ReleaseStatic|x64.Build.0 = Release|x64
		{315A0660-7223-41CF-839C-69CF731F8F43}.Debug|Win32.ActiveCfg = Debug|Win32
		{315A0660-7223-41CF-839C-69CF731F8F43}.Debug|Win32.Build.0 = Debug|Win32
		{315A0660-7223-41CF-839C-69CF731F8F43}.Debug|x64.ActiveCfg = Debug|x64
		{315A0660-7223-41CF-839C-69CF731F8F43}.Debug|x64.Build.0 = Debug|x64
		{315A0660-7223-41CF-839C-69CF731F8F43}.DebugStatic|Win32.ActiveCfg = Debug|x64
		{315A0660-7223-41CF-839C-69CF731F8F43}.DebugStatic|x64.ActiveCfg = Debug|x64
		{315A0660-7223-41CF-839C-69CF731F8F43}.DebugStatic|x64.Build.0 = Debug|x64
		{315A0660-7223-41CF-839C-69CF731F8F43}.Release|Win32.ActiveCfg = Release|Win32
		{315A0660-7223-41CF-839C-69CF731F8F43}.Release|Win32.Build.0 = Release|Win32
		{315A0660-7223-41CF-839C-69CF731F8F43}.Release|x64.ActiveCfg = Release|x64
		{315A0660-7223-41CF-839C-69CF731F8F43}.Release|x64.Build.0 = Release|x64
		{315A0660-7223-41CF-839C-69CF731F8F43}.ReleaseStatic|Win32.ActiveCfg = Release|x64
		{315A0660-7223-41CF-839C-69CF731F8F43}.ReleaseStatic|x64.ActiveCfg = Release|x64
		{315A0660-7223-41CF-839C-69CF731F8F43}.ReleaseStatic|x64.Build.0 = Release|x64
		{2B417248-C199-456C-99A3-CD7930E0D6A1}.Debug|Win32.ActiveCfg = Debug|Win32
		{2B417248-C199-456C-99A3-CD7930E0D6A1}.Debug|Win32.Build.0 = Debug|Win32
		{2B417248-C199-456C-99A3-CD7930E0D6A1}.Debug|x64.ActiveCfg = Debug|x64
		{2B417248-C199-456C-99A3-CD7930E0D6A1}.Debug|x64.Build.0 = Debug|x64
		{2B417248-C199-456C-99A3-CD7930E0D6A1}.DebugStatic|Win32.ActiveCfg = Debug|x64
		{2B417248-C199-456C-99A3-CD7930E0D6A1}.DebugStatic|x64.ActiveCfg = Debug|x64
		{2B417248-C199-456C-99A3-CD7930E0D6A1}.DebugStatic|x64.Build.0 = Debug|x64
		{2B417248-C199-456C-99A3-CD7930E0D6A1}.Release|Win32.ActiveCfg = Release|Win32
		{2B417248-C199-456C-99A3-CD7930E0D6A1}.Release|Win32.Build.0 = Release|Win32
		{2B417248-C199-456C-99A3-CD7930E0D6A1}.Release|x64.ActiveCfg = Release|x64
		{2B417248-C199-456C-99A3-CD7930E0D6A1}.Release|x64.Build.0 = Release|x64
		{2B417248-C199-456C-99A3-CD7930E0D6A1}.ReleaseStatic|Win32.ActiveCfg = Release|x64
		{2B417248-C199-456C-99A3-CD7930E0D6A1}.ReleaseStatic|x64.ActiveCfg = Release|x64
		{2B417248-C199-456C-99A3-CD7930E0D6A1}.ReleaseStatic|x64.Build.0 = Release|x64
		{D29C6982-A589-4081-89B1-91E78D7C41E2}.Debug|Win32.ActiveCfg = Debug|Win32
		{D29C6982-A589-4081-89B1-91E78D7C41E2}.Debug|Win32.Build.0 = Debug|Win32
		{D29C6982-A589-4081-89B1-91E78D7C41E2}.Debug|x64.ActiveCfg = Debug|x64
		{D29C6982-A589-4081-89B1-91E78D7C41E2}.Debug|x64.Build.0 = Debug|x64
		{D29C6982-A589-4081-89B1-91E78D7C41E2}.DebugStatic|Win32.ActiveCfg = Debug|x64
		{D29C6982-A589-4081-89B1-91E78D7C41E2}.DebugStatic|x64.ActiveCfg = Debug|x64
		{D29C6982-A589-4081-89B1-91E78D7C41E2}.DebugStatic|x64.Build.0 = Debug|x64
		{D29C6982-A589-4081-89B1-91E78D7C41E2}.Release|Win32.ActiveCfg = Release|Win32
		{D29C6982-A589-4081-89B1-91E78D7C41E2}.Release|Win32.Build.0 = Release|Win32
		{D29C6982-A589-4081-89B1-91E78D7C41E2}.Release|x64.ActiveCfg = Release|x64
		{D29C6982-A589-4081-89B1-91E78D7C41E2}.Release|x64.Build.0 = Release|x64
		{D29C6982-A589-4081-89B1-91E78D7C41E2}.ReleaseStatic|Win32.ActiveCfg = Release|x64
		{D29C6982-A589-4081-89B1-91E78D7C41E2}.ReleaseStatic|x64.ActiveCfg = Release|x64
		{D29C6982-A589-4081-89B1-91E78D7C41E2}.ReleaseStatic|x64.Build.0 = Release|x64
		{D6A7F953-26BF-45F6-92FA-F3B6AB245C1B}.Debug|Win32.ActiveCfg = Debug|Win32
		{D6A7F953-26BF-45F6-92FA-F3B6AB245C1B}.Debug|Win32.Build.0 = Debug|Win32
		{D6A7F953-26BF-45F6-92FA-F3B6AB245C1B}.Debug|x64.ActiveCfg = Debug|x64
		{D6A7F953-26BF-45F6-92FA-F3B6AB245C1B}.Debug|x64.Build.0 = Debug|x64
		{D6A7F953-26BF-45F6-92FA-F3B6AB245C1B}.DebugStatic|Win32.ActiveCfg = Debug|x64
		{D6A7F953-26BF-45F6-92FA-F3B6AB245C1B}.DebugStatic|x64.ActiveCfg = Debug|x64
		{D6A7F953-26BF-45F6-92FA-F3B6AB245C1B}.DebugStatic|x64.Build.0 = Debug|x64
		{D6A7F953-26BF-45F6-92FA-F3B6AB245C1B}.Release|Win32.ActiveCfg = Release|Win32
		{D6A7F953-26BF-45F6-92FA-F3B6AB245C1B}.Release|Win32.Build.0 = Release|Win32
		{D6A7F953-26BF-45F6-92FA-F3B6AB245C1B}.Release|x64.ActiveCfg = Release|x64
		{D6A7F953-26BF-45F6-92FA-F3B6AB245C1B}.Release|x64.Build.0 = Release|x64
		{D6A7F953-26BF-45F6-92FA-F3B6AB245C1B}.ReleaseStatic|Win32.ActiveCfg = Release|x64
		{D6A7F953-26BF-45F6-92FA-F3B6AB245C1B}.ReleaseStatic|x64.ActiveCfg = Release|x64
		{D6A7F953-26BF-45F6-92FA-F3B6AB245C1B}.ReleaseStatic|x64.Build.0 = Release|x64
	EndGlobalSection
	GlobalSection(SolutionProperties) = preSolution
		HideSolutionNode = FALSE
	EndGlobalSection
	GlobalSection(NestedProjects) = preSolution
		{0E8C293B-618B-428B-B1AC-502544B732FB} = {64A0BD32-2657-48A5-A8A8-B047C39B0455}
		{8CA885E0-BF97-4FB3-82AD-DBE0FF0E4538} = {64A0BD32-2657-48A5-A8A8-B047C39B0455}
		{4256E731-91A4-44B7-993C-13CA2CFDF71B} = {64A0BD32-2657-48A5-A8A8-B047C39B0455}
		{78800EB9-3249-4A82-9074-3D68A2E56C60} = {64A0BD32-2657-48A5-A8A8-B047C39B0455}
		{315A0660-7223-41CF-839C-69CF731F8F43} = {64A0BD32-2657-48A5-A8A8-B047C39B0455}
		{2B417248-C199-456C-99A3-CD7930E0D6A1} = {64A0BD32-2657-48A5-A8A8-B047C39B0455}
		{D29C6982-A589-4081-89B1-91E78D7C41E2} = {64A0BD32-2657-48A5-A8A8-B047C39B0455}
		{AF9F0E41-895E-49BA-B522-45691F0BD4F7} = {C8F1FBCF-D704-474A-990B-A42D1F208C41}
		{7986011C-5076-4506-AB77-7272257885FD} = {C8F1FBCF-D704-474A-990B-A42D1F208C41}
	EndGlobalSection
EndGlobal
